// !$*UTF8*$!
{
	archiveVersion = 1;
	classes = {
	};
	objectVersion = 46;
	objects = {

/* Begin PBXBuildFile section */
		66F357211DFA1D9D005AAB50 /* AppDelegate.swift in Sources */ = {isa = PBXBuildFile; fileRef = 66F357201DFA1D9D005AAB50 /* AppDelegate.swift */; };
		66F357231DFA1D9D005AAB50 /* ViewController.swift in Sources */ = {isa = PBXBuildFile; fileRef = 66F357221DFA1D9D005AAB50 /* ViewController.swift */; };
		66F357261DFA1D9D005AAB50 /* Main.storyboard in Resources */ = {isa = PBXBuildFile; fileRef = 66F357241DFA1D9D005AAB50 /* Main.storyboard */; };
		66F357281DFA1D9D005AAB50 /* Assets.xcassets in Resources */ = {isa = PBXBuildFile; fileRef = 66F357271DFA1D9D005AAB50 /* Assets.xcassets */; };
		66F3572B1DFA1D9D005AAB50 /* LaunchScreen.storyboard in Resources */ = {isa = PBXBuildFile; fileRef = 66F357291DFA1D9D005AAB50 /* LaunchScreen.storyboard */; };
		66F357361DFA1D9D005AAB50 /* EndlessFibonacciTableTests.swift in Sources */ = {isa = PBXBuildFile; fileRef = 66F357351DFA1D9D005AAB50 /* EndlessFibonacciTableTests.swift */; };
		66F357411DFA1EDA005AAB50 /* LoadingCell.swift in Sources */ = {isa = PBXBuildFile; fileRef = 66F357401DFA1EDA005AAB50 /* LoadingCell.swift */; };
		66F357431DFA2048005AAB50 /* Constants.swift in Sources */ = {isa = PBXBuildFile; fileRef = 66F357421DFA2048005AAB50 /* Constants.swift */; };
/* End PBXBuildFile section */

/* Begin PBXContainerItemProxy section */
		66F357321DFA1D9D005AAB50 /* PBXContainerItemProxy */ = {
			isa = PBXContainerItemProxy;
			containerPortal = 66F357151DFA1D9D005AAB50 /* Project object */;
			proxyType = 1;
			remoteGlobalIDString = 66F3571C1DFA1D9D005AAB50;
			remoteInfo = EndlessFibonacciTable;
		};
/* End PBXContainerItemProxy section */

/* Begin PBXFileReference section */
		66F3571D1DFA1D9D005AAB50 /* EndlessFibonacciTable.app */ = {isa = PBXFileReference; explicitFileType = wrapper.application; includeInIndex = 0; path = EndlessFibonacciTable.app; sourceTree = BUILT_PRODUCTS_DIR; };
		66F357201DFA1D9D005AAB50 /* AppDelegate.swift */ = {isa = PBXFileReference; lastKnownFileType = sourcecode.swift; path = AppDelegate.swift; sourceTree = "<group>"; };
		66F357221DFA1D9D005AAB50 /* ViewController.swift */ = {isa = PBXFileReference; lastKnownFileType = sourcecode.swift; path = ViewController.swift; sourceTree = "<group>"; };
		66F357251DFA1D9D005AAB50 /* Base */ = {isa = PBXFileReference; lastKnownFileType = file.storyboard; name = Base; path = Base.lproj/Main.storyboard; sourceTree = "<group>"; };
		66F357271DFA1D9D005AAB50 /* Assets.xcassets */ = {isa = PBXFileReference; lastKnownFileType = folder.assetcatalog; path = Assets.xcassets; sourceTree = "<group>"; };
		66F3572A1DFA1D9D005AAB50 /* Base */ = {isa = PBXFileReference; lastKnownFileType = file.storyboard; name = Base; path = Base.lproj/LaunchScreen.storyboard; sourceTree = "<group>"; };
		66F3572C1DFA1D9D005AAB50 /* Info.plist */ = {isa = PBXFileReference; lastKnownFileType = text.plist.xml; path = Info.plist; sourceTree = "<group>"; };
		66F357311DFA1D9D005AAB50 /* EndlessFibonacciTableTests.xctest */ = {isa = PBXFileReference; explicitFileType = wrapper.cfbundle; includeInIndex = 0; path = EndlessFibonacciTableTests.xctest; sourceTree = BUILT_PRODUCTS_DIR; };
		66F357351DFA1D9D005AAB50 /* EndlessFibonacciTableTests.swift */ = {isa = PBXFileReference; lastKnownFileType = sourcecode.swift; path = EndlessFibonacciTableTests.swift; sourceTree = "<group>"; };
		66F357371DFA1D9D005AAB50 /* Info.plist */ = {isa = PBXFileReference; lastKnownFileType = text.plist.xml; path = Info.plist; sourceTree = "<group>"; };
		66F357401DFA1EDA005AAB50 /* LoadingCell.swift */ = {isa = PBXFileReference; fileEncoding = 4; lastKnownFileType = sourcecode.swift; path = LoadingCell.swift; sourceTree = "<group>"; };
		66F357421DFA2048005AAB50 /* Constants.swift */ = {isa = PBXFileReference; fileEncoding = 4; lastKnownFileType = sourcecode.swift; path = Constants.swift; sourceTree = "<group>"; };
/* End PBXFileReference section */

/* Begin PBXFrameworksBuildPhase section */
		66F3571A1DFA1D9D005AAB50 /* Frameworks */ = {
			isa = PBXFrameworksBuildPhase;
			buildActionMask = 2147483647;
			files = (
			);
			runOnlyForDeploymentPostprocessing = 0;
		};
		66F3572E1DFA1D9D005AAB50 /* Frameworks */ = {
			isa = PBXFrameworksBuildPhase;
			buildActionMask = 2147483647;
			files = (
			);
			runOnlyForDeploymentPostprocessing = 0;
		};
/* End PBXFrameworksBuildPhase section */

/* Begin PBXGroup section */
		66F357141DFA1D9D005AAB50 = {
			isa = PBXGroup;
			children = (
				66F3571F1DFA1D9D005AAB50 /* EndlessFibonacciTable */,
				66F357341DFA1D9D005AAB50 /* EndlessFibonacciTableTests */,
				66F3571E1DFA1D9D005AAB50 /* Products */,
			);
			sourceTree = "<group>";
		};
		66F3571E1DFA1D9D005AAB50 /* Products */ = {
			isa = PBXGroup;
			children = (
				66F3571D1DFA1D9D005AAB50 /* EndlessFibonacciTable.app */,
				66F357311DFA1D9D005AAB50 /* EndlessFibonacciTableTests.xctest */,
			);
			name = Products;
			sourceTree = "<group>";
		};
		66F3571F1DFA1D9D005AAB50 /* EndlessFibonacciTable */ = {
			isa = PBXGroup;
			children = (
				66F357201DFA1D9D005AAB50 /* AppDelegate.swift */,
				66F357221DFA1D9D005AAB50 /* ViewController.swift */,
				66F357241DFA1D9D005AAB50 /* Main.storyboard */,
				66F357271DFA1D9D005AAB50 /* Assets.xcassets */,
				66F357291DFA1D9D005AAB50 /* LaunchScreen.storyboard */,
				66F3572C1DFA1D9D005AAB50 /* Info.plist */,
				66F357401DFA1EDA005AAB50 /* LoadingCell.swift */,
				66F357421DFA2048005AAB50 /* Constants.swift */,
			);
			path = EndlessFibonacciTable;
			sourceTree = "<group>";
		};
		66F357341DFA1D9D005AAB50 /* EndlessFibonacciTableTests */ = {
			isa = PBXGroup;
			children = (
				66F357351DFA1D9D005AAB50 /* EndlessFibonacciTableTests.swift */,
				66F357371DFA1D9D005AAB50 /* Info.plist */,
			);
			path = EndlessFibonacciTableTests;
			sourceTree = "<group>";
		};
/* End PBXGroup section */

/* Begin PBXNativeTarget section */
		66F3571C1DFA1D9D005AAB50 /* EndlessFibonacciTable */ = {
			isa = PBXNativeTarget;
			buildConfigurationList = 66F3573A1DFA1D9D005AAB50 /* Build configuration list for PBXNativeTarget "EndlessFibonacciTable" */;
			buildPhases = (
				66F357191DFA1D9D005AAB50 /* Sources */,
				66F3571A1DFA1D9D005AAB50 /* Frameworks */,
				66F3571B1DFA1D9D005AAB50 /* Resources */,
			);
			buildRules = (
			);
			dependencies = (
			);
			name = EndlessFibonacciTable;
			productName = EndlessFibonacciTable;
			productReference = 66F3571D1DFA1D9D005AAB50 /* EndlessFibonacciTable.app */;
			productType = "com.apple.product-type.application";
		};
		66F357301DFA1D9D005AAB50 /* EndlessFibonacciTableTests */ = {
			isa = PBXNativeTarget;
			buildConfigurationList = 66F3573D1DFA1D9D005AAB50 /* Build configuration list for PBXNativeTarget "EndlessFibonacciTableTests" */;
			buildPhases = (
				66F3572D1DFA1D9D005AAB50 /* Sources */,
				66F3572E1DFA1D9D005AAB50 /* Frameworks */,
				66F3572F1DFA1D9D005AAB50 /* Resources */,
			);
			buildRules = (
			);
			dependencies = (
				66F357331DFA1D9D005AAB50 /* PBXTargetDependency */,
			);
			name = EndlessFibonacciTableTests;
			productName = EndlessFibonacciTableTests;
			productReference = 66F357311DFA1D9D005AAB50 /* EndlessFibonacciTableTests.xctest */;
			productType = "com.apple.product-type.bundle.unit-test";
		};
/* End PBXNativeTarget section */

/* Begin PBXProject section */
		66F357151DFA1D9D005AAB50 /* Project object */ = {
			isa = PBXProject;
			attributes = {
				LastSwiftUpdateCheck = 0810;
				LastUpgradeCheck = 0810;
				ORGANIZATIONNAME = "Adam Tecle";
				TargetAttributes = {
					66F3571C1DFA1D9D005AAB50 = {
						CreatedOnToolsVersion = 8.1;
						DevelopmentTeam = 3GR96D7Z4R;
						ProvisioningStyle = Automatic;
					};
					66F357301DFA1D9D005AAB50 = {
						CreatedOnToolsVersion = 8.1;
						DevelopmentTeam = 3GR96D7Z4R;
						ProvisioningStyle = Automatic;
						TestTargetID = 66F3571C1DFA1D9D005AAB50;
					};
				};
			};
			buildConfigurationList = 66F357181DFA1D9D005AAB50 /* Build configuration list for PBXProject "EndlessFibonacciTable" */;
			compatibilityVersion = "Xcode 3.2";
			developmentRegion = English;
			hasScannedForEncodings = 0;
			knownRegions = (
				en,
				Base,
			);
			mainGroup = 66F357141DFA1D9D005AAB50;
			productRefGroup = 66F3571E1DFA1D9D005AAB50 /* Products */;
			projectDirPath = "";
			projectRoot = "";
			targets = (
				66F3571C1DFA1D9D005AAB50 /* EndlessFibonacciTable */,
				66F357301DFA1D9D005AAB50 /* EndlessFibonacciTableTests */,
			);
		};
/* End PBXProject section */

/* Begin PBXResourcesBuildPhase section */
		66F3571B1DFA1D9D005AAB50 /* Resources */ = {
			isa = PBXResourcesBuildPhase;
			buildActionMask = 2147483647;
			files = (
				66F3572B1DFA1D9D005AAB50 /* LaunchScreen.storyboard in Resources */,
				66F357281DFA1D9D005AAB50 /* Assets.xcassets in Resources */,
				66F357261DFA1D9D005AAB50 /* Main.storyboard in Resources */,
			);
			runOnlyForDeploymentPostprocessing = 0;
		};
		66F3572F1DFA1D9D005AAB50 /* Resources */ = {
			isa = PBXResourcesBuildPhase;
			buildActionMask = 2147483647;
			files = (
			);
			runOnlyForDeploymentPostprocessing = 0;
		};
/* End PBXResourcesBuildPhase section */

/* Begin PBXSourcesBuildPhase section */
		66F357191DFA1D9D005AAB50 /* Sources */ = {
			isa = PBXSourcesBuildPhase;
			buildActionMask = 2147483647;
			files = (
				66F357411DFA1EDA005AAB50 /* LoadingCell.swift in Sources */,
				66F357231DFA1D9D005AAB50 /* ViewController.swift in Sources */,
				66F357211DFA1D9D005AAB50 /* AppDelegate.swift in Sources */,
				66F357431DFA2048005AAB50 /* Constants.swift in Sources */,
			);
			runOnlyForDeploymentPostprocessing = 0;
		};
		66F3572D1DFA1D9D005AAB50 /* Sources */ = {
			isa = PBXSourcesBuildPhase;
			buildActionMask = 2147483647;
			files = (
				66F357361DFA1D9D005AAB50 /* EndlessFibonacciTableTests.swift in Sources */,
			);
			runOnlyForDeploymentPostprocessing = 0;
		};
/* End PBXSourcesBuildPhase section */

/* Begin PBXTargetDependency section */
		66F357331DFA1D9D005AAB50 /* PBXTargetDependency */ = {
			isa = PBXTargetDependency;
			target = 66F3571C1DFA1D9D005AAB50 /* EndlessFibonacciTable */;
			targetProxy = 66F357321DFA1D9D005AAB50 /* PBXContainerItemProxy */;
		};
/* End PBXTargetDependency section */

/* Begin PBXVariantGroup section */
		66F357241DFA1D9D005AAB50 /* Main.storyboard */ = {
			isa = PBXVariantGroup;
			children = (
				66F357251DFA1D9D005AAB50 /* Base */,
			);
			name = Main.storyboard;
			sourceTree = "<group>";
		};
		66F357291DFA1D9D005AAB50 /* LaunchScreen.storyboard */ = {
			isa = PBXVariantGroup;
			children = (
				66F3572A1DFA1D9D005AAB50 /* Base */,
			);
			name = LaunchScreen.storyboard;
			sourceTree = "<group>";
		};
/* End PBXVariantGroup section */

/* Begin XCBuildConfiguration section */
		66F357381DFA1D9D005AAB50 /* Debug */ = {
			isa = XCBuildConfiguration;
			buildSettings = {
				ALWAYS_SEARCH_USER_PATHS = NO;
				CLANG_ANALYZER_NONNULL = YES;
				CLANG_CXX_LANGUAGE_STANDARD = "gnu++0x";
				CLANG_CXX_LIBRARY = "libc++";
				CLANG_ENABLE_MODULES = YES;
				CLANG_ENABLE_OBJC_ARC = YES;
				CLANG_WARN_BOOL_CONVERSION = YES;
				CLANG_WARN_CONSTANT_CONVERSION = YES;
				CLANG_WARN_DIRECT_OBJC_ISA_USAGE = YES_ERROR;
				CLANG_WARN_DOCUMENTATION_COMMENTS = YES;
				CLANG_WARN_EMPTY_BODY = YES;
				CLANG_WARN_ENUM_CONVERSION = YES;
				CLANG_WARN_INFINITE_RECURSION = YES;
				CLANG_WARN_INT_CONVERSION = YES;
				CLANG_WARN_OBJC_ROOT_CLASS = YES_ERROR;
				CLANG_WARN_SUSPICIOUS_MOVES = YES;
				CLANG_WARN_UNREACHABLE_CODE = YES;
				CLANG_WARN__DUPLICATE_METHOD_MATCH = YES;
				"CODE_SIGN_IDENTITY[sdk=iphoneos*]" = "iPhone Developer";
				COPY_PHASE_STRIP = NO;
				DEBUG_INFORMATION_FORMAT = dwarf;
				ENABLE_STRICT_OBJC_MSGSEND = YES;
				ENABLE_TESTABILITY = YES;
				GCC_C_LANGUAGE_STANDARD = gnu99;
				GCC_DYNAMIC_NO_PIC = NO;
				GCC_NO_COMMON_BLOCKS = YES;
				GCC_OPTIMIZATION_LEVEL = 0;
				GCC_PREPROCESSOR_DEFINITIONS = (
					"DEBUG=1",
					"$(inherited)",
				);
				GCC_WARN_64_TO_32_BIT_CONVERSION = YES;
				GCC_WARN_ABOUT_RETURN_TYPE = YES_ERROR;
				GCC_WARN_UNDECLARED_SELECTOR = YES;
				GCC_WARN_UNINITIALIZED_AUTOS = YES_AGGRESSIVE;
				GCC_WARN_UNUSED_FUNCTION = YES;
				GCC_WARN_UNUSED_VARIABLE = YES;
				IPHONEOS_DEPLOYMENT_TARGET = 10.1;
				MTL_ENABLE_DEBUG_INFO = YES;
				ONLY_ACTIVE_ARCH = YES;
				SDKROOT = iphoneos;
				SWIFT_ACTIVE_COMPILATION_CONDITIONS = DEBUG;
				SWIFT_OPTIMIZATION_LEVEL = "-Onone";
				TARGETED_DEVICE_FAMILY = "1,2";
			};
			name = Debug;
		};
		66F357391DFA1D9D005AAB50 /* Release */ = {
			isa = XCBuildConfiguration;
			buildSettings = {
				ALWAYS_SEARCH_USER_PATHS = NO;
				CLANG_ANALYZER_NONNULL = YES;
				CLANG_CXX_LANGUAGE_STANDARD = "gnu++0x";
				CLANG_CXX_LIBRARY = "libc++";
				CLANG_ENABLE_MODULES = YES;
				CLANG_ENABLE_OBJC_ARC = YES;
				CLANG_WARN_BOOL_CONVERSION = YES;
				CLANG_WARN_CONSTANT_CONVERSION = YES;
				CLANG_WARN_DIRECT_OBJC_ISA_USAGE = YES_ERROR;
				CLANG_WARN_DOCUMENTATION_COMMENTS = YES;
				CLANG_WARN_EMPTY_BODY = YES;
				CLANG_WARN_ENUM_CONVERSION = YES;
				CLANG_WARN_INFINITE_RECURSION = YES;
				CLANG_WARN_INT_CONVERSION = YES;
				CLANG_WARN_OBJC_ROOT_CLASS = YES_ERROR;
				CLANG_WARN_SUSPICIOUS_MOVES = YES;
				CLANG_WARN_UNREACHABLE_CODE = YES;
				CLANG_WARN__DUPLICATE_METHOD_MATCH = YES;
				"CODE_SIGN_IDENTITY[sdk=iphoneos*]" = "iPhone Developer";
				COPY_PHASE_STRIP = NO;
				DEBUG_INFORMATION_FORMAT = "dwarf-with-dsym";
				ENABLE_NS_ASSERTIONS = NO;
				ENABLE_STRICT_OBJC_MSGSEND = YES;
				GCC_C_LANGUAGE_STANDARD = gnu99;
				GCC_NO_COMMON_BLOCKS = YES;
				GCC_WARN_64_TO_32_BIT_CONVERSION = YES;
				GCC_WARN_ABOUT_RETURN_TYPE = YES_ERROR;
				GCC_WARN_UNDECLARED_SELECTOR = YES;
				GCC_WARN_UNINITIALIZED_AUTOS = YES_AGGRESSIVE;
				GCC_WARN_UNUSED_FUNCTION = YES;
				GCC_WARN_UNUSED_VARIABLE = YES;
				IPHONEOS_DEPLOYMENT_TARGET = 10.1;
				MTL_ENABLE_DEBUG_INFO = NO;
				SDKROOT = iphoneos;
				SWIFT_OPTIMIZATION_LEVEL = "-Owholemodule";
				TARGETED_DEVICE_FAMILY = "1,2";
				VALIDATE_PRODUCT = YES;
			};
			name = Release;
		};
		66F3573B1DFA1D9D005AAB50 /* Debug */ = {
			isa = XCBuildConfiguration;
			buildSettings = {
				ASSETCATALOG_COMPILER_APPICON_NAME = AppIcon;
				DEVELOPMENT_TEAM = 3GR96D7Z4R;
				INFOPLIST_FILE = EndlessFibonacciTable/Info.plist;
				LD_RUNPATH_SEARCH_PATHS = "$(inherited) @executable_path/Frameworks";
				PRODUCT_BUNDLE_IDENTIFIER = com.adamtecle.EndlessFibonacciTable;
				PRODUCT_NAME = "$(TARGET_NAME)";
				SWIFT_VERSION = 3.0;
			};
			name = Debug;
		};
		66F3573C1DFA1D9D005AAB50 /* Release */ = {
			isa = XCBuildConfiguration;
			buildSettings = {
				ASSETCATALOG_COMPILER_APPICON_NAME = AppIcon;
				DEVELOPMENT_TEAM = 3GR96D7Z4R;
				INFOPLIST_FILE = EndlessFibonacciTable/Info.plist;
				LD_RUNPATH_SEARCH_PATHS = "$(inherited) @executable_path/Frameworks";
				PRODUCT_BUNDLE_IDENTIFIER = com.adamtecle.EndlessFibonacciTable;
				PRODUCT_NAME = "$(TARGET_NAME)";
				SWIFT_VERSION = 3.0;
			};
			name = Release;
		};
		66F3573E1DFA1D9D005AAB50 /* Debug */ = {
			isa = XCBuildConfiguration;
			buildSettings = {
				ALWAYS_EMBED_SWIFT_STANDARD_LIBRARIES = YES;
				BUNDLE_LOADER = "$(TEST_HOST)";
				DEVELOPMENT_TEAM = 3GR96D7Z4R;
				INFOPLIST_FILE = EndlessFibonacciTableTests/Info.plist;
				LD_RUNPATH_SEARCH_PATHS = "$(inherited) @executable_path/Frameworks @loader_path/Frameworks";
				PRODUCT_BUNDLE_IDENTIFIER = com.adamtecle.EndlessFibonacciTableTests;
				PRODUCT_NAME = "$(TARGET_NAME)";
				SWIFT_VERSION = 3.0;
				TEST_HOST = "$(BUILT_PRODUCTS_DIR)/EndlessFibonacciTable.app/EndlessFibonacciTable";
			};
			name = Debug;
		};
		66F3573F1DFA1D9D005AAB50 /* Release */ = {
			isa = XCBuildConfiguration;
			buildSettings = {
				ALWAYS_EMBED_SWIFT_STANDARD_LIBRARIES = YES;
				BUNDLE_LOADER = "$(TEST_HOST)";
				DEVELOPMENT_TEAM = 3GR96D7Z4R;
				INFOPLIST_FILE = EndlessFibonacciTableTests/Info.plist;
				LD_RUNPATH_SEARCH_PATHS = "$(inherited) @executable_path/Frameworks @loader_path/Frameworks";
				PRODUCT_BUNDLE_IDENTIFIER = com.adamtecle.EndlessFibonacciTableTests;
				PRODUCT_NAME = "$(TARGET_NAME)";
				SWIFT_VERSION = 3.0;
				TEST_HOST = "$(BUILT_PRODUCTS_DIR)/EndlessFibonacciTable.app/EndlessFibonacciTable";
			};
			name = Release;
		};
/* End XCBuildConfiguration section */

/* Begin XCConfigurationList section */
		66F357181DFA1D9D005AAB50 /* Build configuration list for PBXProject "EndlessFibonacciTable" */ = {
			isa = XCConfigurationList;
			buildConfigurations = (
				66F357381DFA1D9D005AAB50 /* Debug */,
				66F357391DFA1D9D005AAB50 /* Release */,
			);
			defaultConfigurationIsVisible = 0;
			defaultConfigurationName = Release;
		};
		66F3573A1DFA1D9D005AAB50 /* Build configuration list for PBXNativeTarget "EndlessFibonacciTable" */ = {
			isa = XCConfigurationList;
			buildConfigurations = (
				66F3573B1DFA1D9D005AAB50 /* Debug */,
				66F3573C1DFA1D9D005AAB50 /* Release */,
			);
			defaultConfigurationIsVisible = 0;
		};
		66F3573D1DFA1D9D005AAB50 /* Build configuration list for PBXNativeTarget "EndlessFibonacciTableTests" */ = {
			isa = XCConfigurationList;
			buildConfigurations = (
				66F3573E1DFA1D9D005AAB50 /* Debug */,
				66F3573F1DFA1D9D005AAB50 /* Release */,
			);
			defaultConfigurationIsVisible = 0;
		};
/* End XCConfigurationList section */
	};
	rootObject = 66F357151DFA1D9D005AAB50 /* Project object */;
}
